# Update Tailscale and derper together. The Go checksums are from go.dev/dl.
TAILSCALE_VERSION=1.102.4
GO_VERSION=1.26.8
GO_LINUX_AMD64_SHA256=d0f743b33e8d8945e6b1f432edd15785c70507121d6e2a723b21285eddf8b57b
GO_LINUX_ARM64_SHA256=211ffced9dcb9633a55eac6364816ec0ddd951389a740e88fa8b3337971bdda0
CERTBOT_VERSION=5.8.0
